
Microsoft Visual Studio Solution File, Format Version 12.00
# Visual Studio Version 17
VisualStudioVersion = 17.0.31919.166
MinimumVisualStudioVersion = 10.0.40219.1
Project("{2150E333-8FDC-42A3-9474-1A3956D46DE8}") = "SRP", "SRP", "{3542B603-4F96-47C2-97B1-E20010992555}"
EndProject
Project("{2150E333-8FDC-42A3-9474-1A3956D46DE8}") = "OCP", "OCP", "{12FD7A79-7562-40A0-A736-3EE74E6C35CC}"
EndProject
Project("{2150E333-8FDC-42A3-9474-1A3956D46DE8}") = "LSP", "LSP", "{34DD8F96-84EF-4D05-B6F7-4F3CB558B42A}"
EndProject
Project("{2150E333-8FDC-42A3-9474-1A3956D46DE8}") = "ISP", "ISP", "{7F19317B-6A37-4B85-9AA9-5AD196DC2D76}"
EndProject
Project("{2150E333-8FDC-42A3-9474-1A3956D46DE8}") = "DIP", "DIP", "{9B0F5F87-D039-458B-A41A-F029E3D19B14}"
EndProject
Project("{FAE04EC0-301F-11D3-BF4B-00C04F79EFBC}") = "SolidSample.SRP.Bad", "SRP\SolidSample.SRP.Bad\SolidSample.SRP.Bad.csproj", "{A951D177-57D9-4338-82F7-876EB8598802}"
EndProject
Project("{FAE04EC0-301F-11D3-BF4B-00C04F79EFBC}") = "SolidSample.SRP.Good", "SRP\SolidSample.SRP.Good\SolidSample.SRP.Good.csproj", "{EF891485-B0AC-401B-B494-AB4D19BDFD38}"
EndProject
Project("{FAE04EC0-301F-11D3-BF4B-00C04F79EFBC}") = "SolidSample.OCP.Bad", "OCP\SolidSample.OCP.Bad\SolidSample.OCP.Bad.csproj", "{A98603E1-991E-46F0-83B5-D9E3D8373061}"
EndProject
Project("{FAE04EC0-301F-11D3-BF4B-00C04F79EFBC}") = "SolidSample.OCP.Good", "OCP\SolidSample.OCP.Good\SolidSample.OCP.Good.csproj", "{59D8DDC9-2526-4476-BD48-12CDED85EB80}"
EndProject
Project("{FAE04EC0-301F-11D3-BF4B-00C04F79EFBC}") = "SolidSample.LSP.Bad", "LSP\SolidSample.LSP.Bad\SolidSample.LSP.Bad.csproj", "{3EE8DF5F-5381-480D-A777-4EF4B6229893}"
EndProject
Project("{FAE04EC0-301F-11D3-BF4B-00C04F79EFBC}") = "SolidSample.LSP.Good", "LSP\SolidSample.LSP.Good\SolidSample.LSP.Good.csproj", "{0340C275-141C-42E9-8DA5-9C1D147B2B53}"
EndProject
Project("{FAE04EC0-301F-11D3-BF4B-00C04F79EFBC}") = "SolidSample.ISP.Bad", "ISP\SolidSample.ISP.Bad\SolidSample.ISP.Bad.csproj", "{3A5C8E41-A1DA-4E1B-8267-5563711F3951}"
EndProject
Project("{FAE04EC0-301F-11D3-BF4B-00C04F79EFBC}") = "SolidSample.ISP.Good", "ISP\SolidSample.ISP.Good\SolidSample.ISP.Good.csproj", "{541FD254-A618-453A-8DBA-FC31BB807168}"
EndProject
Project("{FAE04EC0-301F-11D3-BF4B-00C04F79EFBC}") = "SolidSample.DIP.Bad", "DIP\SolidSample.DIP.Bad\SolidSample.DIP.Bad.csproj", "{4A712BB3-BA9A-49CA-917E-3D68C17E95FD}"
EndProject
Project("{FAE04EC0-301F-11D3-BF4B-00C04F79EFBC}") = "SolidSample.DIP.Good", "DIP\SolidSample.DIP.Good\SolidSample.DIP.Good.csproj", "{8B375D24-0F76-4418-8AD2-3E53CEE4FD5C}"
EndProject
Global
	GlobalSection(SolutionConfigurationPlatforms) = preSolution
		Debug|Any CPU = Debug|Any CPU
		Release|Any CPU = Release|Any CPU
	EndGlobalSection
	GlobalSection(ProjectConfigurationPlatforms) = postSolution
		{A951D177-57D9-4338-82F7-876EB8598802}.Debug|Any CPU.ActiveCfg = Debug|Any CPU
		{A951D177-57D9-4338-82F7-876EB8598802}.Debug|Any CPU.Build.0 = Debug|Any CPU
		{A951D177-57D9-4338-82F7-876EB8598802}.Release|Any CPU.ActiveCfg = Release|Any CPU
		{A951D177-57D9-4338-82F7-876EB8598802}.Release|Any CPU.Build.0 = Release|Any CPU
		{EF891485-B0AC-401B-B494-AB4D19BDFD38}.Debug|Any CPU.ActiveCfg = Debug|Any CPU
		{EF891485-B0AC-401B-B494-AB4D19BDFD38}.Debug|Any CPU.Build.0 = Debug|Any CPU
		{EF891485-B0AC-401B-B494-AB4D19BDFD38}.Release|Any CPU.ActiveCfg = Release|Any CPU
		{EF891485-B0AC-401B-B494-AB4D19BDFD38}.Release|Any CPU.Build.0 = Release|Any CPU
		{A98603E1-991E-46F0-83B5-D9E3D8373061}.Debug|Any CPU.ActiveCfg = Debug|Any CPU
		{A98603E1-991E-46F0-83B5-D9E3D8373061}.Debug|Any CPU.Build.0 = Debug|Any CPU
		{A98603E1-991E-46F0-83B5-D9E3D8373061}.Release|Any CPU.ActiveCfg = Release|Any CPU
		{A98603E1-991E-46F0-83B5-D9E3D8373061}.Release|Any CPU.Build.0 = Release|Any CPU
		{59D8DDC9-2526-4476-BD48-12CDED85EB80}.Debug|Any CPU.ActiveCfg = Debug|Any CPU
		{59D8DDC9-2526-4476-BD48-12CDED85EB80}.Debug|Any CPU.Build.0 = Debug|Any CPU
		{59D8DDC9-2526-4476-BD48-12CDED85EB80}.Release|Any CPU.ActiveCfg = Release|Any CPU
		{59D8DDC9-2526-4476-BD48-12CDED85EB80}.Release|Any CPU.Build.0 = Release|Any CPU
		{3EE8DF5F-5381-480D-A777-4EF4B6229893}.Debug|Any CPU.ActiveCfg = Debug|Any CPU
		{3EE8DF5F-5381-480D-A777-4EF4B6229893}.Debug|Any CPU.Build.0 = Debug|Any CPU
		{3EE8DF5F-5381-480D-A777-4EF4B6229893}.Release|Any CPU.ActiveCfg = Release|Any CPU
		{3EE8DF5F-5381-480D-A777-4EF4B6229893}.Release|Any CPU.Build.0 = Release|Any CPU
		{0340C275-141C-42E9-8DA5-9C1D147B2B53}.Debug|Any CPU.ActiveCfg = Debug|Any CPU
		{0340C275-141C-42E9-8DA5-9C1D147B2B53}.Debug|Any CPU.Build.0 = Debug|Any CPU
		{0340C275-141C-42E9-8DA5-9C1D147B2B53}.Release|Any CPU.ActiveCfg = Release|Any CPU
		{0340C275-141C-42E9-8DA5-9C1D147B2B53}.Release|Any CPU.Build.0 = Release|Any CPU
		{3A5C8E41-A1DA-4E1B-8267-5563711F3951}.Debug|Any CPU.ActiveCfg = Debug|Any CPU
		{3A5C8E41-A1DA-4E1B-8267-5563711F3951}.Debug|Any CPU.Build.0 = Debug|Any CPU
		{3A5C8E41-A1DA-4E1B-8267-5563711F3951}.Release|Any CPU.ActiveCfg = Release|Any CPU
		{3A5C8E41-A1DA-4E1B-8267-5563711F3951}.Release|Any CPU.Build.0 = Release|Any CPU
		{541FD254-A618-453A-8DBA-FC31BB807168}.Debug|Any CPU.ActiveCfg = Debug|Any CPU
		{541FD254-A618-453A-8DBA-FC31BB807168}.Debug|Any CPU.Build.0 = Debug|Any CPU
		{541FD254-A618-453A-8DBA-FC31BB807168}.Release|Any CPU.ActiveCfg = Release|Any CPU
		{541FD254-A618-453A-8DBA-FC31BB807168}.Release|Any CPU.Build.0 = Release|Any CPU
		{4A712BB3-BA9A-49CA-917E-3D68C17E95FD}.Debug|Any CPU.ActiveCfg = Debug|Any CPU
		{4A712BB3-BA9A-49CA-917E-3D68C17E95FD}.Debug|Any CPU.Build.0 = Debug|Any CPU
		{4A712BB3-BA9A-49CA-917E-3D68C17E95FD}.Release|Any CPU.ActiveCfg = Release|Any CPU
		{4A712BB3-BA9A-49CA-917E-3D68C17E95FD}.Release|Any CPU.Build.0 = Release|Any CPU
		{8B375D24-0F76-4418-8AD2-3E53CEE4FD5C}.Debug|Any CPU.ActiveCfg = Debug|Any CPU
		{8B375D24-0F76-4418-8AD2-3E53CEE4FD5C}.Debug|Any CPU.Build.0 = Debug|Any CPU
		{8B375D24-0F76-4418-8AD2-3E53CEE4FD5C}.Release|Any CPU.ActiveCfg = Release|Any CPU
		{8B375D24-0F76-4418-8AD2-3E53CEE4FD5C}.Release|Any CPU.Build.0 = Release|Any CPU
	EndGlobalSection
	GlobalSection(SolutionProperties) = preSolution
		HideSolutionNode = FALSE
	EndGlobalSection
	GlobalSection(NestedProjects) = preSolution
		{A951D177-57D9-4338-82F7-876EB8598802} = {3542B603-4F96-47C2-97B1-E20010992555}
		{EF891485-B0AC-401B-B494-AB4D19BDFD38} = {3542B603-4F96-47C2-97B1-E20010992555}
		{A98603E1-991E-46F0-83B5-D9E3D8373061} = {12FD7A79-7562-40A0-A736-3EE74E6C35CC}
		{59D8DDC9-2526-4476-BD48-12CDED85EB80} = {12FD7A79-7562-40A0-A736-3EE74E6C35CC}
		{3EE8DF5F-5381-480D-A777-4EF4B6229893} = {34DD8F96-84EF-4D05-B6F7-4F3CB558B42A}
		{0340C275-141C-42E9-8DA5-9C1D147B2B53} = {34DD8F96-84EF-4D05-B6F7-4F3CB558B42A}
		{3A5C8E41-A1DA-4E1B-8267-5563711F3951} = {7F19317B-6A37-4B85-9AA9-5AD196DC2D76}
		{541FD254-A618-453A-8DBA-FC31BB807168} = {7F19317B-6A37-4B85-9AA9-5AD196DC2D76}
		{4A712BB3-BA9A-49CA-917E-3D68C17E95FD} = {9B0F5F87-D039-458B-A41A-F029E3D19B14}
		{8B375D24-0F76-4418-8AD2-3E53CEE4FD5C} = {9B0F5F87-D039-458B-A41A-F029E3D19B14}
	EndGlobalSection
	GlobalSection(ExtensibilityGlobals) = postSolution
		SolutionGuid = {C5CDFA02-2CCE-4294-9689-7F37444C7361}
	EndGlobalSection
EndGlobal
